// !$*UTF8*$!
{
	archiveVersion = 1;
	classes = {
	};
	objectVersion = 46;
	objects = {

/* Begin PBXBuildFile section */
		D21E3E441BA4ED450080C3F1 /* main.cpp in Sources */ = {isa = PBXBuildFile; fileRef = D21E3E431BA4ED450080C3F1 /* main.cpp */; };
		D21E3E4C1BA626CE0080C3F1 /* qqlogin.cpp in Sources */ = {isa = PBXBuildFile; fileRef = D21E3E4A1BA626CE0080C3F1 /* qqlogin.cpp */; };
		D2276CED1BE98ADB00F0B860 /* fetcher.cpp in Sources */ = {isa = PBXBuildFile; fileRef = D2276CEB1BE98ADB00F0B860 /* fetcher.cpp */; };
		D28EFBED1BDF3AB6002C052D /* libcurl.tbd in Frameworks */ = {isa = PBXBuildFile; fileRef = D28EFBEC1BDF3AB6002C052D /* libcurl.tbd */; };
/* End PBXBuildFile section */

/* Begin PBXCopyFilesBuildPhase section */
		D21E3E3E1BA4ED450080C3F1 /* CopyFiles */ = {
			isa = PBXCopyFilesBuildPhase;
			buildActionMask = 2147483647;
			dstPath = /usr/share/man/man1/;
			dstSubfolderSpec = 0;
			files = (
			);
			runOnlyForDeploymentPostprocessing = 1;
		};
/* End PBXCopyFilesBuildPhase section */

/* Begin PBXFileReference section */
		D21E3E401BA4ED450080C3F1 /* qqlogin */ = {isa = PBXFileReference; explicitFileType = "compiled.mach-o.executable"; includeInIndex = 0; path = qqlogin; sourceTree = BUILT_PRODUCTS_DIR; };
		D21E3E431BA4ED450080C3F1 /* main.cpp */ = {isa = PBXFileReference; lastKnownFileType = sourcecode.cpp.cpp; path = main.cpp; sourceTree = "<group>"; };
		D21E3E4A1BA626CE0080C3F1 /* qqlogin.cpp */ = {isa = PBXFileReference; fileEncoding = 4; lastKnownFileType = sourcecode.cpp.cpp; path = qqlogin.cpp; sourceTree = "<group>"; };
		D21E3E4B1BA626CE0080C3F1 /* qqlogin.h */ = {isa = PBXFileReference; fileEncoding = 4; lastKnownFileType = sourcecode.c.h; path = qqlogin.h; sourceTree = "<group>"; };
		D2276CEB1BE98ADB00F0B860 /* fetcher.cpp */ = {isa = PBXFileReference; fileEncoding = 4; lastKnownFileType = sourcecode.cpp.cpp; path = fetcher.cpp; sourceTree = "<group>"; };
		D2276CEC1BE98ADB00F0B860 /* fetcher.hpp */ = {isa = PBXFileReference; fileEncoding = 4; lastKnownFileType = sourcecode.cpp.h; path = fetcher.hpp; sourceTree = "<group>"; };
		D28EFBEC1BDF3AB6002C052D /* libcurl.tbd */ = {isa = PBXFileReference; lastKnownFileType = "sourcecode.text-based-dylib-definition"; name = libcurl.tbd; path = usr/lib/libcurl.tbd; sourceTree = SDKROOT; };
		D2FB50801BEB2C1F0045696F /* threadtool.h */ = {isa = PBXFileReference; fileEncoding = 4; lastKnownFileType = sourcecode.c.h; path = threadtool.h; sourceTree = "<group>"; };
/* End PBXFileReference section */

/* Begin PBXFrameworksBuildPhase section */
		D21E3E3D1BA4ED450080C3F1 /* Frameworks */ = {
			isa = PBXFrameworksBuildPhase;
			buildActionMask = 2147483647;
			files = (
				D28EFBED1BDF3AB6002C052D /* libcurl.tbd in Frameworks */,
			);
			runOnlyForDeploymentPostprocessing = 0;
		};
/* End PBXFrameworksBuildPhase section */

/* Begin PBXGroup section */
		D21E3E371BA4ED450080C3F1 = {
			isa = PBXGroup;
			children = (
				D28EFBEC1BDF3AB6002C052D /* libcurl.tbd */,
				D21E3E421BA4ED450080C3F1 /* qqlogin */,
				D21E3E411BA4ED450080C3F1 /* Products */,
			);
			sourceTree = "<group>";
		};
		D21E3E411BA4ED450080C3F1 /* Products */ = {
			isa = PBXGroup;
			children = (
				D21E3E401BA4ED450080C3F1 /* qqlogin */,
			);
			name = Products;
			sourceTree = "<group>";
		};
		D21E3E421BA4ED450080C3F1 /* qqlogin */ = {
			isa = PBXGroup;
			children = (
				D2FB50801BEB2C1F0045696F /* threadtool.h */,
				D21E3E431BA4ED450080C3F1 /* main.cpp */,
				D2276CEB1BE98ADB00F0B860 /* fetcher.cpp */,
				D2276CEC1BE98ADB00F0B860 /* fetcher.hpp */,
				D21E3E4A1BA626CE0080C3F1 /* qqlogin.cpp */,
				D21E3E4B1BA626CE0080C3F1 /* qqlogin.h */,
			);
			path = qqlogin;
			sourceTree = "<group>";
		};
/* End PBXGroup section */

/* Begin PBXNativeTarget section */
		D21E3E3F1BA4ED450080C3F1 /* qqlogin */ = {
			isa = PBXNativeTarget;
			buildConfigurationList = D21E3E471BA4ED450080C3F1 /* Build configuration list for PBXNativeTarget "qqlogin" */;
			buildPhases = (
				D21E3E3C1BA4ED450080C3F1 /* Sources */,
				D21E3E3D1BA4ED450080C3F1 /* Frameworks */,
				D21E3E3E1BA4ED450080C3F1 /* CopyFiles */,
			);
			buildRules = (
			);
			dependencies = (
			);
			name = qqlogin;
			productName = qqlogin;
			productReference = D21E3E401BA4ED450080C3F1 /* qqlogin */;
			productType = "com.apple.product-type.tool";
		};
/* End PBXNativeTarget section */

/* Begin PBXProject section */
		D21E3E381BA4ED450080C3F1 /* Project object */ = {
			isa = PBXProject;
			attributes = {
				LastUpgradeCheck = 0710;
				ORGANIZATIONNAME = github;
				TargetAttributes = {
					D21E3E3F1BA4ED450080C3F1 = {
						CreatedOnToolsVersion = 6.4;
					};
				};
			};
			buildConfigurationList = D21E3E3B1BA4ED450080C3F1 /* Build configuration list for PBXProject "qqlogin" */;
			compatibilityVersion = "Xcode 3.2";
			developmentRegion = English;
			hasScannedForEncodings = 0;
			knownRegions = (
				en,
			);
			mainGroup = D21E3E371BA4ED450080C3F1;
			productRefGroup = D21E3E411BA4ED450080C3F1 /* Products */;
			projectDirPath = "";
			projectRoot = "";
			targets = (
				D21E3E3F1BA4ED450080C3F1 /* qqlogin */,
			);
		};
/* End PBXProject section */

/* Begin PBXSourcesBuildPhase section */
		D21E3E3C1BA4ED450080C3F1 /* Sources */ = {
			isa = PBXSourcesBuildPhase;
			buildActionMask = 2147483647;
			files = (
				D21E3E441BA4ED450080C3F1 /* main.cpp in Sources */,
				D2276CED1BE98ADB00F0B860 /* fetcher.cpp in Sources */,
				D21E3E4C1BA626CE0080C3F1 /* qqlogin.cpp in Sources */,
			);
			runOnlyForDeploymentPostprocessing = 0;
		};
/* End PBXSourcesBuildPhase section */

/* Begin XCBuildConfiguration section */
		D21E3E451BA4ED450080C3F1 /* Debug */ = {
			isa = XCBuildConfiguration;
			buildSettings = {
				ALWAYS_SEARCH_USER_PATHS = NO;
				CLANG_CXX_LANGUAGE_STANDARD = "gnu++0x";
				CLANG_CXX_LIBRARY = "libc++";
				CLANG_ENABLE_MODULES = YES;
				CLANG_ENABLE_OBJC_ARC = YES;
				CLANG_WARN_BOOL_CONVERSION = YES;
				CLANG_WARN_CONSTANT_CONVERSION = YES;
				CLANG_WARN_DIRECT_OBJC_ISA_USAGE = YES_ERROR;
				CLANG_WARN_EMPTY_BODY = YES;
				CLANG_WARN_ENUM_CONVERSION = YES;
				CLANG_WARN_INT_CONVERSION = YES;
				CLANG_WARN_OBJC_ROOT_CLASS = YES_ERROR;
				CLANG_WARN_UNREACHABLE_CODE = YES;
				CLANG_WARN__DUPLICATE_METHOD_MATCH = YES;
				COPY_PHASE_STRIP = NO;
				DEBUG_INFORMATION_FORMAT = dwarf;
				ENABLE_STRICT_OBJC_MSGSEND = YES;
				ENABLE_TESTABILITY = YES;
				GCC_C_LANGUAGE_STANDARD = gnu99;
				GCC_DYNAMIC_NO_PIC = NO;
				GCC_NO_COMMON_BLOCKS = YES;
				GCC_OPTIMIZATION_LEVEL = 0;
				GCC_PREPROCESSOR_DEFINITIONS = (
					"DEBUG=1",
					"$(inherited)",
				);
				GCC_SYMBOLS_PRIVATE_EXTERN = NO;
				GCC_WARN_64_TO_32_BIT_CONVERSION = YES;
				GCC_WARN_ABOUT_RETURN_TYPE = YES_ERROR;
				GCC_WARN_UNDECLARED_SELECTOR = YES;
				GCC_WARN_UNINITIALIZED_AUTOS = YES_AGGRESSIVE;
				GCC_WARN_UNUSED_FUNCTION = YES;
				GCC_WARN_UNUSED_VARIABLE = YES;
				MACOSX_DEPLOYMENT_TARGET = 10.10;
				MTL_ENABLE_DEBUG_INFO = YES;
				ONLY_ACTIVE_ARCH = YES;
				SDKROOT = macosx;
			};
			name = Debug;
		};
		D21E3E461BA4ED450080C3F1 /* Release */ = {
			isa = XCBuildConfiguration;
			buildSettings = {
				ALWAYS_SEARCH_USER_PATHS = NO;
				CLANG_CXX_LANGUAGE_STANDARD = "gnu++0x";
				CLANG_CXX_LIBRARY = "libc++";
				CLANG_ENABLE_MODULES = YES;
				CLANG_ENABLE_OBJC_ARC = YES;
				CLANG_WARN_BOOL_CONVERSION = YES;
				CLANG_WARN_CONSTANT_CONVERSION = YES;
				CLANG_WARN_DIRECT_OBJC_ISA_USAGE = YES_ERROR;
				CLANG_WARN_EMPTY_BODY = YES;
				CLANG_WARN_ENUM_CONVERSION = YES;
				CLANG_WARN_INT_CONVERSION = YES;
				CLANG_WARN_OBJC_ROOT_CLASS = YES_ERROR;
				CLANG_WARN_UNREACHABLE_CODE = YES;
				CLANG_WARN__DUPLICATE_METHOD_MATCH = YES;
				COPY_PHASE_STRIP = NO;
				DEBUG_INFORMATION_FORMAT = "dwarf-with-dsym";
				ENABLE_NS_ASSERTIONS = NO;
				ENABLE_STRICT_OBJC_MSGSEND = YES;
				GCC_C_LANGUAGE_STANDARD = gnu99;
				GCC_NO_COMMON_BLOCKS = YES;
				GCC_WARN_64_TO_32_BIT_CONVERSION = YES;
				GCC_WARN_ABOUT_RETURN_TYPE = YES_ERROR;
				GCC_WARN_UNDECLARED_SELECTOR = YES;
				GCC_WARN_UNINITIALIZED_AUTOS = YES_AGGRESSIVE;
				GCC_WARN_UNUSED_FUNCTION = YES;
				GCC_WARN_UNUSED_VARIABLE = YES;
				MACOSX_DEPLOYMENT_TARGET = 10.10;
				MTL_ENABLE_DEBUG_INFO = NO;
				SDKROOT = macosx;
			};
			name = Release;
		};
		D21E3E481BA4ED450080C3F1 /* Debug */ = {
			isa = XCBuildConfiguration;
			buildSettings = {
				ALWAYS_SEARCH_USER_PATHS = NO;
				HEADER_SEARCH_PATHS = /usr/local/include;
				LIBRARY_SEARCH_PATHS = (
					"$(inherited)",
					/usr/local/lib,
				);
				"OTHER_LDFLAGS[arch=*]" = (
					"-ljsoncpp",
					"-lboost_regex",
					"-lmongoclient",
					"-lboost_system",
					"-lboost_thread-mt",
				);
				PRODUCT_NAME = "$(TARGET_NAME)";
			};
			name = Debug;
		};
		D21E3E491BA4ED450080C3F1 /* Release */ = {
			isa = XCBuildConfiguration;
			buildSettings = {
				ALWAYS_SEARCH_USER_PATHS = NO;
				HEADER_SEARCH_PATHS = /usr/local/include;
				LIBRARY_SEARCH_PATHS = (
					"$(inherited)",
					/usr/local/lib,
				);
				"OTHER_LDFLAGS[arch=*]" = (
					"-ljsoncpp",
					"-lboost_regex",
					"-lmongoclient",
					"-lboost_system",
					"-lboost_thread-mt",
				);
				PRODUCT_NAME = "$(TARGET_NAME)";
			};
			name = Release;
		};
/* End XCBuildConfiguration section */

/* Begin XCConfigurationList section */
		D21E3E3B1BA4ED450080C3F1 /* Build configuration list for PBXProject "qqlogin" */ = {
			isa = XCConfigurationList;
			buildConfigurations = (
				D21E3E451BA4ED450080C3F1 /* Debug */,
				D21E3E461BA4ED450080C3F1 /* Release */,
			);
			defaultConfigurationIsVisible = 0;
			defaultConfigurationName = Release;
		};
		D21E3E471BA4ED450080C3F1 /* Build configuration list for PBXNativeTarget "qqlogin" */ = {
			isa = XCConfigurationList;
			buildConfigurations = (
				D21E3E481BA4ED450080C3F1 /* Debug */,
				D21E3E491BA4ED450080C3F1 /* Release */,
			);
			defaultConfigurationIsVisible = 0;
			defaultConfigurationName = Release;
		};
/* End XCConfigurationList section */
	};
	rootObject = D21E3E381BA4ED450080C3F1 /* Project object */;
}
